
Microsoft Visual Studio Solution File, Format Version 12.00
# Visual Studio 2013
VisualStudioVersion = 12.0.30516.0
MinimumVisualStudioVersion = 10.0.40219.1
Project("{FAE04EC0-301F-11D3-BF4B-00C04F79EFBC}") = "David.Patcher", "David.Patcher\David.Patcher.csproj", "{27551191-2443-4262-BAF1-A29D411E2ED6}"
EndProject
Project("{FAE04EC0-301F-11D3-BF4B-00C04F79EFBC}") = "David.Lister", "David.Lister\David.Lister.csproj", "{C3AC37CE-308B-4226-B29F-673ED0099C76}"
EndProject
Global
	GlobalSection(SolutionConfigurationPlatforms) = preSolution
		Debug|Any CPU = Debug|Any CPU
		Release|Any CPU = Release|Any CPU
	EndGlobalSection
	GlobalSection(ProjectConfigurationPlatforms) = postSolution
		{27551191-2443-4262-BAF1-A29D411E2ED6}.Debug|Any CPU.ActiveCfg = Debug|Any CPU
		{27551191-2443-4262-BAF1-A29D411E2ED6}.Debug|Any CPU.Build.0 = Debug|Any CPU
		{27551191-2443-4262-BAF1-A29D411E2ED6}.Release|Any CPU.ActiveCfg = Release|Any CPU
		{27551191-2443-4262-BAF1-A29D411E2ED6}.Release|Any CPU.Build.0 = Release|Any CPU
		{C3AC37CE-308B-4226-B29F-673ED0099C76}.Debug|Any CPU.ActiveCfg = Debug|Any CPU
		{C3AC37CE-308B-4226-B29F-673ED0099C76}.Debug|Any CPU.Build.0 = Debug|Any CPU
		{C3AC37CE-308B-4226-B29F-673ED0099C76}.Release|Any CPU.ActiveCfg = Release|Any CPU
		{C3AC37CE-308B-4226-B29F-673ED0099C76}.Release|Any CPU.Build.0 = Release|Any CPU
	EndGlobalSection
	GlobalSection(SolutionProperties) = preSolution
		HideSolutionNode = FALSE
	EndGlobalSection
EndGlobal
